// !$*UTF8*$!
{
	archiveVersion = 1;
	classes = {
	};
	objectVersion = 50;
	objects = {

/* Begin PBXBuildFile section */
		C605F60D259694ED00B0A57D /* MemoryGame.swift in Sources */ = {isa = PBXBuildFile; fileRef = C605F60C259694ED00B0A57D /* MemoryGame.swift */; };
		C605F6122596961400B0A57D /* EmojiMemoryGame.swift in Sources */ = {isa = PBXBuildFile; fileRef = C605F6112596961400B0A57D /* EmojiMemoryGame.swift */; };
		C68C597E259AB91200A93F38 /* ArrayExtensions.swift in Sources */ = {isa = PBXBuildFile; fileRef = C68C597D259AB91200A93F38 /* ArrayExtensions.swift */; };
		C68C598C259ABC5F00A93F38 /* GridLayout.swift in Sources */ = {isa = PBXBuildFile; fileRef = C68C598B259ABC5F00A93F38 /* GridLayout.swift */; };
		C68C5991259ABC7400A93F38 /* Grid.swift in Sources */ = {isa = PBXBuildFile; fileRef = C68C5990259ABC7400A93F38 /* Grid.swift */; };
		C68C5999259D0A0A00A93F38 /* Pie.swift in Sources */ = {isa = PBXBuildFile; fileRef = C68C5998259D0A0A00A93F38 /* Pie.swift */; };
		C68C599E259D0E9600A93F38 /* Cardify.swift in Sources */ = {isa = PBXBuildFile; fileRef = C68C599D259D0E9600A93F38 /* Cardify.swift */; };
		C6A829DF25B3D65700C5CDB3 /* ColorExtension.swift in Sources */ = {isa = PBXBuildFile; fileRef = C6A829DE25B3D65700C5CDB3 /* ColorExtension.swift */; };
		C6A829E825B4C18E00C5CDB3 /* DataExtension.swift in Sources */ = {isa = PBXBuildFile; fileRef = C6A829E725B4C18E00C5CDB3 /* DataExtension.swift */; };
		C6DE31C4259660CA00E12599 /* MemorizeApp.swift in Sources */ = {isa = PBXBuildFile; fileRef = C6DE31C3259660CA00E12599 /* MemorizeApp.swift */; };
		C6DE31C6259660CA00E12599 /* EmojiMemoryGameView.swift in Sources */ = {isa = PBXBuildFile; fileRef = C6DE31C5259660CA00E12599 /* EmojiMemoryGameView.swift */; };
		C6DE31C8259660CB00E12599 /* Assets.xcassets in Resources */ = {isa = PBXBuildFile; fileRef = C6DE31C7259660CB00E12599 /* Assets.xcassets */; };
		C6DE31CB259660CB00E12599 /* Preview Assets.xcassets in Resources */ = {isa = PBXBuildFile; fileRef = C6DE31CA259660CB00E12599 /* Preview Assets.xcassets */; };
		C6DE31D6259660CB00E12599 /* MemorizeTests.swift in Sources */ = {isa = PBXBuildFile; fileRef = C6DE31D5259660CB00E12599 /* MemorizeTests.swift */; };
		C6DE31E1259660CB00E12599 /* MemorizeUITests.swift in Sources */ = {isa = PBXBuildFile; fileRef = C6DE31E0259660CB00E12599 /* MemorizeUITests.swift */; };
/* End PBXBuildFile section */

/* Begin PBXContainerItemProxy section */
		C6DE31D2259660CB00E12599 /* PBXContainerItemProxy */ = {
			isa = PBXContainerItemProxy;
			containerPortal = C6DE31B8259660CA00E12599 /* Project object */;
			proxyType = 1;
			remoteGlobalIDString = C6DE31BF259660CA00E12599;
			remoteInfo = Memorize;
		};
		C6DE31DD259660CB00E12599 /* PBXContainerItemProxy */ = {
			isa = PBXContainerItemProxy;
			containerPortal = C6DE31B8259660CA00E12599 /* Project object */;
			proxyType = 1;
			remoteGlobalIDString = C6DE31BF259660CA00E12599;
			remoteInfo = Memorize;
		};
/* End PBXContainerItemProxy section */

/* Begin PBXFileReference section */
		C605F60C259694ED00B0A57D /* MemoryGame.swift */ = {isa = PBXFileReference; lastKnownFileType = sourcecode.swift; path = MemoryGame.swift; sourceTree = "<group>"; };
		C605F6112596961400B0A57D /* EmojiMemoryGame.swift */ = {isa = PBXFileReference; lastKnownFileType = sourcecode.swift; path = EmojiMemoryGame.swift; sourceTree = "<group>"; };
		C68C597D259AB91200A93F38 /* ArrayExtensions.swift */ = {isa = PBXFileReference; lastKnownFileType = sourcecode.swift; path = ArrayExtensions.swift; sourceTree = "<group>"; };
		C68C598B259ABC5F00A93F38 /* GridLayout.swift */ = {isa = PBXFileReference; fileEncoding = 4; lastKnownFileType = sourcecode.swift; path = GridLayout.swift; sourceTree = "<group>"; };
		C68C5990259ABC7400A93F38 /* Grid.swift */ = {isa = PBXFileReference; lastKnownFileType = sourcecode.swift; path = Grid.swift; sourceTree = "<group>"; };
		C68C5998259D0A0A00A93F38 /* Pie.swift */ = {isa = PBXFileReference; lastKnownFileType = sourcecode.swift; path = Pie.swift; sourceTree = "<group>"; };
		C68C599D259D0E9600A93F38 /* Cardify.swift */ = {isa = PBXFileReference; lastKnownFileType = sourcecode.swift; path = Cardify.swift; sourceTree = "<group>"; };
		C6A829DE25B3D65700C5CDB3 /* ColorExtension.swift */ = {isa = PBXFileReference; lastKnownFileType = sourcecode.swift; path = ColorExtension.swift; sourceTree = "<group>"; };
		C6A829E725B4C18E00C5CDB3 /* DataExtension.swift */ = {isa = PBXFileReference; lastKnownFileType = sourcecode.swift; path = DataExtension.swift; sourceTree = "<group>"; };
		C6DE31C0259660CA00E12599 /* Memorize.app */ = {isa = PBXFileReference; explicitFileType = wrapper.application; includeInIndex = 0; path = Memorize.app; sourceTree = BUILT_PRODUCTS_DIR; };
		C6DE31C3259660CA00E12599 /* MemorizeApp.swift */ = {isa = PBXFileReference; lastKnownFileType = sourcecode.swift; path = MemorizeApp.swift; sourceTree = "<group>"; };
		C6DE31C5259660CA00E12599 /* EmojiMemoryGameView.swift */ = {isa = PBXFileReference; lastKnownFileType = sourcecode.swift; path = EmojiMemoryGameView.swift; sourceTree = "<group>"; };
		C6DE31C7259660CB00E12599 /* Assets.xcassets */ = {isa = PBXFileReference; lastKnownFileType = folder.assetcatalog; path = Assets.xcassets; sourceTree = "<group>"; };
		C6DE31CA259660CB00E12599 /* Preview Assets.xcassets */ = {isa = PBXFileReference; lastKnownFileType = folder.assetcatalog; path = "Preview Assets.xcassets"; sourceTree = "<group>"; };
		C6DE31CC259660CB00E12599 /* Info.plist */ = {isa = PBXFileReference; lastKnownFileType = text.plist.xml; path = Info.plist; sourceTree = "<group>"; };
		C6DE31D1259660CB00E12599 /* MemorizeTests.xctest */ = {isa = PBXFileReference; explicitFileType = wrapper.cfbundle; includeInIndex = 0; path = MemorizeTests.xctest; sourceTree = BUILT_PRODUCTS_DIR; };
		C6DE31D5259660CB00E12599 /* MemorizeTests.swift */ = {isa = PBXFileReference; lastKnownFileType = sourcecode.swift; path = MemorizeTests.swift; sourceTree = "<group>"; };
		C6DE31D7259660CB00E12599 /* Info.plist */ = {isa = PBXFileReference; lastKnownFileType = text.plist.xml; path = Info.plist; sourceTree = "<group>"; };
		C6DE31DC259660CB00E12599 /* MemorizeUITests.xctest */ = {isa = PBXFileReference; explicitFileType = wrapper.cfbundle; includeInIndex = 0; path = MemorizeUITests.xctest; sourceTree = BUILT_PRODUCTS_DIR; };
		C6DE31E0259660CB00E12599 /* MemorizeUITests.swift */ = {isa = PBXFileReference; lastKnownFileType = sourcecode.swift; path = MemorizeUITests.swift; sourceTree = "<group>"; };
		C6DE31E2259660CB00E12599 /* Info.plist */ = {isa = PBXFileReference; lastKnownFileType = text.plist.xml; path = Info.plist; sourceTree = "<group>"; };
/* End PBXFileReference section */

/* Begin PBXFrameworksBuildPhase section */
		C6DE31BD259660CA00E12599 /* Frameworks */ = {
			isa = PBXFrameworksBuildPhase;
			buildActionMask = 2147483647;
			files = (
			);
			runOnlyForDeploymentPostprocessing = 0;
		};
		C6DE31CE259660CB00E12599 /* Frameworks */ = {
			isa = PBXFrameworksBuildPhase;
			buildActionMask = 2147483647;
			files = (
			);
			runOnlyForDeploymentPostprocessing = 0;
		};
		C6DE31D9259660CB00E12599 /* Frameworks */ = {
			isa = PBXFrameworksBuildPhase;
			buildActionMask = 2147483647;
			files = (
			);
			runOnlyForDeploymentPostprocessing = 0;
		};
/* End PBXFrameworksBuildPhase section */

/* Begin PBXGroup section */
		C62203F725BE03650098AD6D /* Grid */ = {
			isa = PBXGroup;
			children = (
				C68C598B259ABC5F00A93F38 /* GridLayout.swift */,
				C68C5990259ABC7400A93F38 /* Grid.swift */,
			);
			path = Grid;
			sourceTree = "<group>";
		};
		C62203F825BE038C0098AD6D /* ViewModifiers */ = {
			isa = PBXGroup;
			children = (
				C68C599D259D0E9600A93F38 /* Cardify.swift */,
				C68C5998259D0A0A00A93F38 /* Pie.swift */,
			);
			path = ViewModifiers;
			sourceTree = "<group>";
		};
		C62203F925BE03B60098AD6D /* Views */ = {
			isa = PBXGroup;
			children = (
				C6DE31C5259660CA00E12599 /* EmojiMemoryGameView.swift */,
			);
			path = Views;
			sourceTree = "<group>";
		};
		C6A829E625B4C13000C5CDB3 /* Extensions */ = {
			isa = PBXGroup;
			children = (
				C62203F725BE03650098AD6D /* Grid */,
				C68C597D259AB91200A93F38 /* ArrayExtensions.swift */,
				C6A829DE25B3D65700C5CDB3 /* ColorExtension.swift */,
				C6A829E725B4C18E00C5CDB3 /* DataExtension.swift */,
			);
			path = Extensions;
			sourceTree = "<group>";
		};
		C6DE31B7259660CA00E12599 = {
			isa = PBXGroup;
			children = (
				C6DE31C2259660CA00E12599 /* Memorize */,
				C6DE31D4259660CB00E12599 /* MemorizeTests */,
				C6DE31DF259660CB00E12599 /* MemorizeUITests */,
				C6DE31C1259660CA00E12599 /* Products */,
			);
			sourceTree = "<group>";
		};
		C6DE31C1259660CA00E12599 /* Products */ = {
			isa = PBXGroup;
			children = (
				C6DE31C0259660CA00E12599 /* Memorize.app */,
				C6DE31D1259660CB00E12599 /* MemorizeTests.xctest */,
				C6DE31DC259660CB00E12599 /* MemorizeUITests.xctest */,
			);
			name = Products;
			sourceTree = "<group>";
		};
		C6DE31C2259660CA00E12599 /* Memorize */ = {
			isa = PBXGroup;
			children = (
				C6F71B1725BE04A10020CCB5 /* Models */,
				C6F71B1625BE048B0020CCB5 /* ViewModels */,
				C62203F925BE03B60098AD6D /* Views */,
				C62203F825BE038C0098AD6D /* ViewModifiers */,
				C6A829E625B4C13000C5CDB3 /* Extensions */,
				C6DE31C3259660CA00E12599 /* MemorizeApp.swift */,
				C6DE31C7259660CB00E12599 /* Assets.xcassets */,
				C6DE31CC259660CB00E12599 /* Info.plist */,
				C6DE31C9259660CB00E12599 /* Preview Content */,
			);
			path = Memorize;
			sourceTree = "<group>";
		};
		C6DE31C9259660CB00E12599 /* Preview Content */ = {
			isa = PBXGroup;
			children = (
				C6DE31CA259660CB00E12599 /* Preview Assets.xcassets */,
			);
			path = "Preview Content";
			sourceTree = "<group>";
		};
		C6DE31D4259660CB00E12599 /* MemorizeTests */ = {
			isa = PBXGroup;
			children = (
				C6DE31D5259660CB00E12599 /* MemorizeTests.swift */,
				C6DE31D7259660CB00E12599 /* Info.plist */,
			);
			path = MemorizeTests;
			sourceTree = "<group>";
		};
		C6DE31DF259660CB00E12599 /* MemorizeUITests */ = {
			isa = PBXGroup;
			children = (
				C6DE31E0259660CB00E12599 /* MemorizeUITests.swift */,
				C6DE31E2259660CB00E12599 /* Info.plist */,
			);
			path = MemorizeUITests;
			sourceTree = "<group>";
		};
		C6F71B1625BE048B0020CCB5 /* ViewModels */ = {
			isa = PBXGroup;
			children = (
				C605F6112596961400B0A57D /* EmojiMemoryGame.swift */,
			);
			path = ViewModels;
			sourceTree = "<group>";
		};
		C6F71B1725BE04A10020CCB5 /* Models */ = {
			isa = PBXGroup;
			children = (
				C605F60C259694ED00B0A57D /* MemoryGame.swift */,
			);
			path = Models;
			sourceTree = "<group>";
		};
/* End PBXGroup section */

/* Begin PBXNativeTarget section */
		C6DE31BF259660CA00E12599 /* Memorize */ = {
			isa = PBXNativeTarget;
			buildConfigurationList = C6DE31E5259660CB00E12599 /* Build configuration list for PBXNativeTarget "Memorize" */;
			buildPhases = (
				C6DE31BC259660CA00E12599 /* Sources */,
				C6DE31BD259660CA00E12599 /* Frameworks */,
				C6DE31BE259660CA00E12599 /* Resources */,
			);
			buildRules = (
			);
			dependencies = (
			);
			name = Memorize;
			productName = Memorize;
			productReference = C6DE31C0259660CA00E12599 /* Memorize.app */;
			productType = "com.apple.product-type.application";
		};
		C6DE31D0259660CB00E12599 /* MemorizeTests */ = {
			isa = PBXNativeTarget;
			buildConfigurationList = C6DE31E8259660CB00E12599 /* Build configuration list for PBXNativeTarget "MemorizeTests" */;
			buildPhases = (
				C6DE31CD259660CB00E12599 /* Sources */,
				C6DE31CE259660CB00E12599 /* Frameworks */,
				C6DE31CF259660CB00E12599 /* Resources */,
			);
			buildRules = (
			);
			dependencies = (
				C6DE31D3259660CB00E12599 /* PBXTargetDependency */,
			);
			name = MemorizeTests;
			productName = MemorizeTests;
			productReference = C6DE31D1259660CB00E12599 /* MemorizeTests.xctest */;
			productType = "com.apple.product-type.bundle.unit-test";
		};
		C6DE31DB259660CB00E12599 /* MemorizeUITests */ = {
			isa = PBXNativeTarget;
			buildConfigurationList = C6DE31EB259660CB00E12599 /* Build configuration list for PBXNativeTarget "MemorizeUITests" */;
			buildPhases = (
				C6DE31D8259660CB00E12599 /* Sources */,
				C6DE31D9259660CB00E12599 /* Frameworks */,
				C6DE31DA259660CB00E12599 /* Resources */,
			);
			buildRules = (
			);
			dependencies = (
				C6DE31DE259660CB00E12599 /* PBXTargetDependency */,
			);
			name = MemorizeUITests;
			productName = MemorizeUITests;
			productReference = C6DE31DC259660CB00E12599 /* MemorizeUITests.xctest */;
			productType = "com.apple.product-type.bundle.ui-testing";
		};
/* End PBXNativeTarget section */

/* Begin PBXProject section */
		C6DE31B8259660CA00E12599 /* Project object */ = {
			isa = PBXProject;
			attributes = {
				LastSwiftUpdateCheck = 1230;
				LastUpgradeCheck = 1230;
				TargetAttributes = {
					C6DE31BF259660CA00E12599 = {
						CreatedOnToolsVersion = 12.3;
					};
					C6DE31D0259660CB00E12599 = {
						CreatedOnToolsVersion = 12.3;
						TestTargetID = C6DE31BF259660CA00E12599;
					};
					C6DE31DB259660CB00E12599 = {
						CreatedOnToolsVersion = 12.3;
						TestTargetID = C6DE31BF259660CA00E12599;
					};
				};
			};
			buildConfigurationList = C6DE31BB259660CA00E12599 /* Build configuration list for PBXProject "Memorize" */;
			compatibilityVersion = "Xcode 9.3";
			developmentRegion = en;
			hasScannedForEncodings = 0;
			knownRegions = (
				en,
				Base,
			);
			mainGroup = C6DE31B7259660CA00E12599;
			productRefGroup = C6DE31C1259660CA00E12599 /* Products */;
			projectDirPath = "";
			projectRoot = "";
			targets = (
				C6DE31BF259660CA00E12599 /* Memorize */,
				C6DE31D0259660CB00E12599 /* MemorizeTests */,
				C6DE31DB259660CB00E12599 /* MemorizeUITests */,
			);
		};
/* End PBXProject section */

/* Begin PBXResourcesBuildPhase section */
		C6DE31BE259660CA00E12599 /* Resources */ = {
			isa = PBXResourcesBuildPhase;
			buildActionMask = 2147483647;
			files = (
				C6DE31CB259660CB00E12599 /* Preview Assets.xcassets in Resources */,
				C6DE31C8259660CB00E12599 /* Assets.xcassets in Resources */,
			);
			runOnlyForDeploymentPostprocessing = 0;
		};
		C6DE31CF259660CB00E12599 /* Resources */ = {
			isa = PBXResourcesBuildPhase;
			buildActionMask = 2147483647;
			files = (
			);
			runOnlyForDeploymentPostprocessing = 0;
		};
		C6DE31DA259660CB00E12599 /* Resources */ = {
			isa = PBXResourcesBuildPhase;
			buildActionMask = 2147483647;
			files = (
			);
			runOnlyForDeploymentPostprocessing = 0;
		};
/* End PBXResourcesBuildPhase section */

/* Begin PBXSourcesBuildPhase section */
		C6DE31BC259660CA00E12599 /* Sources */ = {
			isa = PBXSourcesBuildPhase;
			buildActionMask = 2147483647;
			files = (
				C605F60D259694ED00B0A57D /* MemoryGame.swift in Sources */,
				C68C597E259AB91200A93F38 /* ArrayExtensions.swift in Sources */,
				C68C5999259D0A0A00A93F38 /* Pie.swift in Sources */,
				C6A829E825B4C18E00C5CDB3 /* DataExtension.swift in Sources */,
				C68C599E259D0E9600A93F38 /* Cardify.swift in Sources */,
				C6DE31C6259660CA00E12599 /* EmojiMemoryGameView.swift in Sources */,
				C68C598C259ABC5F00A93F38 /* GridLayout.swift in Sources */,
				C6DE31C4259660CA00E12599 /* MemorizeApp.swift in Sources */,
				C68C5991259ABC7400A93F38 /* Grid.swift in Sources */,
				C605F6122596961400B0A57D /* EmojiMemoryGame.swift in Sources */,
				C6A829DF25B3D65700C5CDB3 /* ColorExtension.swift in Sources */,
			);
			runOnlyForDeploymentPostprocessing = 0;
		};
		C6DE31CD259660CB00E12599 /* Sources */ = {
			isa = PBXSourcesBuildPhase;
			buildActionMask = 2147483647;
			files = (
				C6DE31D6259660CB00E12599 /* MemorizeTests.swift in Sources */,
			);
			runOnlyForDeploymentPostprocessing = 0;
		};
		C6DE31D8259660CB00E12599 /* Sources */ = {
			isa = PBXSourcesBuildPhase;
			buildActionMask = 2147483647;
			files = (
				C6DE31E1259660CB00E12599 /* MemorizeUITests.swift in Sources */,
			);
			runOnlyForDeploymentPostprocessing = 0;
		};
/* End PBXSourcesBuildPhase section */

/* Begin PBXTargetDependency section */
		C6DE31D3259660CB00E12599 /* PBXTargetDependency */ = {
			isa = PBXTargetDependency;
			target = C6DE31BF259660CA00E12599 /* Memorize */;
			targetProxy = C6DE31D2259660CB00E12599 /* PBXContainerItemProxy */;
		};
		C6DE31DE259660CB00E12599 /* PBXTargetDependency */ = {
			isa = PBXTargetDependency;
			target = C6DE31BF259660CA00E12599 /* Memorize */;
			targetProxy = C6DE31DD259660CB00E12599 /* PBXContainerItemProxy */;
		};
/* End PBXTargetDependency section */

/* Begin XCBuildConfiguration section */
		C6DE31E3259660CB00E12599 /* Debug */ = {
			isa = XCBuildConfiguration;
			buildSettings = {
				ALWAYS_SEARCH_USER_PATHS = NO;
				CLANG_ANALYZER_NONNULL = YES;
				CLANG_ANALYZER_NUMBER_OBJECT_CONVERSION = YES_AGGRESSIVE;
				CLANG_CXX_LANGUAGE_STANDARD = "gnu++14";
				CLANG_CXX_LIBRARY = "libc++";
				CLANG_ENABLE_MODULES = YES;
				CLANG_ENABLE_OBJC_ARC = YES;
				CLANG_ENABLE_OBJC_WEAK = YES;
				CLANG_WARN_BLOCK_CAPTURE_AUTORELEASING = YES;
				CLANG_WARN_BOOL_CONVERSION = YES;
				CLANG_WARN_COMMA = YES;
				CLANG_WARN_CONSTANT_CONVERSION = YES;
				CLANG_WARN_DEPRECATED_OBJC_IMPLEMENTATIONS = YES;
				CLANG_WARN_DIRECT_OBJC_ISA_USAGE = YES_ERROR;
				CLANG_WARN_DOCUMENTATION_COMMENTS = YES;
				CLANG_WARN_EMPTY_BODY = YES;
				CLANG_WARN_ENUM_CONVERSION = YES;
				CLANG_WARN_INFINITE_RECURSION = YES;
				CLANG_WARN_INT_CONVERSION = YES;
				CLANG_WARN_NON_LITERAL_NULL_CONVERSION = YES;
				CLANG_WARN_OBJC_IMPLICIT_RETAIN_SELF = YES;
				CLANG_WARN_OBJC_LITERAL_CONVERSION = YES;
				CLANG_WARN_OBJC_ROOT_CLASS = YES_ERROR;
				CLANG_WARN_QUOTED_INCLUDE_IN_FRAMEWORK_HEADER = YES;
				CLANG_WARN_RANGE_LOOP_ANALYSIS = YES;
				CLANG_WARN_STRICT_PROTOTYPES = YES;
				CLANG_WARN_SUSPICIOUS_MOVE = YES;
				CLANG_WARN_UNGUARDED_AVAILABILITY = YES_AGGRESSIVE;
				CLANG_WARN_UNREACHABLE_CODE = YES;
				CLANG_WARN__DUPLICATE_METHOD_MATCH = YES;
				COPY_PHASE_STRIP = NO;
				DEBUG_INFORMATION_FORMAT = dwarf;
				ENABLE_STRICT_OBJC_MSGSEND = YES;
				ENABLE_TESTABILITY = YES;
				GCC_C_LANGUAGE_STANDARD = gnu11;
				GCC_DYNAMIC_NO_PIC = NO;
				GCC_NO_COMMON_BLOCKS = YES;
				GCC_OPTIMIZATION_LEVEL = 0;
				GCC_PREPROCESSOR_DEFINITIONS = (
					"DEBUG=1",
					"$(inherited)",
				);
				GCC_WARN_64_TO_32_BIT_CONVERSION = YES;
				GCC_WARN_ABOUT_RETURN_TYPE = YES_ERROR;
				GCC_WARN_UNDECLARED_SELECTOR = YES;
				GCC_WARN_UNINITIALIZED_AUTOS = YES_AGGRESSIVE;
				GCC_WARN_UNUSED_FUNCTION = YES;
				GCC_WARN_UNUSED_VARIABLE = YES;
				IPHONEOS_DEPLOYMENT_TARGET = 14.3;
				MTL_ENABLE_DEBUG_INFO = INCLUDE_SOURCE;
				MTL_FAST_MATH = YES;
				ONLY_ACTIVE_ARCH = YES;
				SDKROOT = iphoneos;
				SWIFT_ACTIVE_COMPILATION_CONDITIONS = DEBUG;
				SWIFT_OPTIMIZATION_LEVEL = "-Onone";
			};
			name = Debug;
		};
		C6DE31E4259660CB00E12599 /* Release */ = {
			isa = XCBuildConfiguration;
			buildSettings = {
				ALWAYS_SEARCH_USER_PATHS = NO;
				CLANG_ANALYZER_NONNULL = YES;
				CLANG_ANALYZER_NUMBER_OBJECT_CONVERSION = YES_AGGRESSIVE;
				CLANG_CXX_LANGUAGE_STANDARD = "gnu++14";
				CLANG_CXX_LIBRARY = "libc++";
				CLANG_ENABLE_MODULES = YES;
				CLANG_ENABLE_OBJC_ARC = YES;
				CLANG_ENABLE_OBJC_WEAK = YES;
				CLANG_WARN_BLOCK_CAPTURE_AUTORELEASING = YES;
				CLANG_WARN_BOOL_CONVERSION = YES;
				CLANG_WARN_COMMA = YES;
				CLANG_WARN_CONSTANT_CONVERSION = YES;
				CLANG_WARN_DEPRECATED_OBJC_IMPLEMENTATIONS = YES;
				CLANG_WARN_DIRECT_OBJC_ISA_USAGE = YES_ERROR;
				CLANG_WARN_DOCUMENTATION_COMMENTS = YES;
				CLANG_WARN_EMPTY_BODY = YES;
				CLANG_WARN_ENUM_CONVERSION = YES;
				CLANG_WARN_INFINITE_RECURSION = YES;
				CLANG_WARN_INT_CONVERSION = YES;
				CLANG_WARN_NON_LITERAL_NULL_CONVERSION = YES;
				CLANG_WARN_OBJC_IMPLICIT_RETAIN_SELF = YES;
				CLANG_WARN_OBJC_LITERAL_CONVERSION = YES;
				CLANG_WARN_OBJC_ROOT_CLASS = YES_ERROR;
				CLANG_WARN_QUOTED_INCLUDE_IN_FRAMEWORK_HEADER = YES;
				CLANG_WARN_RANGE_LOOP_ANALYSIS = YES;
				CLANG_WARN_STRICT_PROTOTYPES = YES;
				CLANG_WARN_SUSPICIOUS_MOVE = YES;
				CLANG_WARN_UNGUARDED_AVAILABILITY = YES_AGGRESSIVE;
				CLANG_WARN_UNREACHABLE_CODE = YES;
				CLANG_WARN__DUPLICATE_METHOD_MATCH = YES;
				COPY_PHASE_STRIP = NO;
				DEBUG_INFORMATION_FORMAT = "dwarf-with-dsym";
				ENABLE_NS_ASSERTIONS = NO;
				ENABLE_STRICT_OBJC_MSGSEND = YES;
				GCC_C_LANGUAGE_STANDARD = gnu11;
				GCC_NO_COMMON_BLOCKS = YES;
				GCC_WARN_64_TO_32_BIT_CONVERSION = YES;
				GCC_WARN_ABOUT_RETURN_TYPE = YES_ERROR;
				GCC_WARN_UNDECLARED_SELECTOR = YES;
				GCC_WARN_UNINITIALIZED_AUTOS = YES_AGGRESSIVE;
				GCC_WARN_UNUSED_FUNCTION = YES;
				GCC_WARN_UNUSED_VARIABLE = YES;
				IPHONEOS_DEPLOYMENT_TARGET = 14.3;
				MTL_ENABLE_DEBUG_INFO = NO;
				MTL_FAST_MATH = YES;
				SDKROOT = iphoneos;
				SWIFT_COMPILATION_MODE = wholemodule;
				SWIFT_OPTIMIZATION_LEVEL = "-O";
				VALIDATE_PRODUCT = YES;
			};
			name = Release;
		};
		C6DE31E6259660CB00E12599 /* Debug */ = {
			isa = XCBuildConfiguration;
			buildSettings = {
				ASSETCATALOG_COMPILER_APPICON_NAME = AppIcon;
				ASSETCATALOG_COMPILER_GLOBAL_ACCENT_COLOR_NAME = AccentColor;
				CODE_SIGN_STYLE = Automatic;
				DEVELOPMENT_ASSET_PATHS = "\"Memorize/Preview Content\"";
				DEVELOPMENT_TEAM = F8WWCGPHV3;
				ENABLE_PREVIEWS = YES;
				INFOPLIST_FILE = Memorize/Info.plist;
				IPHONEOS_DEPLOYMENT_TARGET = 14.0;
				LD_RUNPATH_SEARCH_PATHS = (
					"$(inherited)",
					"@executable_path/Frameworks",
				);
				PRODUCT_BUNDLE_IDENTIFIER = "Duong-Pham.Memorize";
				PRODUCT_NAME = "$(TARGET_NAME)";
				SWIFT_VERSION = 5.0;
				TARGETED_DEVICE_FAMILY = "1,2";
			};
			name = Debug;
		};
		C6DE31E7259660CB00E12599 /* Release */ = {
			isa = XCBuildConfiguration;
			buildSettings = {
				ASSETCATALOG_COMPILER_APPICON_NAME = AppIcon;
				ASSETCATALOG_COMPILER_GLOBAL_ACCENT_COLOR_NAME = AccentColor;
				CODE_SIGN_STYLE = Automatic;
				DEVELOPMENT_ASSET_PATHS = "\"Memorize/Preview Content\"";
				DEVELOPMENT_TEAM = F8WWCGPHV3;
				ENABLE_PREVIEWS = YES;
				INFOPLIST_FILE = Memorize/Info.plist;
				IPHONEOS_DEPLOYMENT_TARGET = 14.0;
				LD_RUNPATH_SEARCH_PATHS = (
					"$(inherited)",
					"@executable_path/Frameworks",
				);
				PRODUCT_BUNDLE_IDENTIFIER = "Duong-Pham.Memorize";
				PRODUCT_NAME = "$(TARGET_NAME)";
				SWIFT_VERSION = 5.0;
				TARGETED_DEVICE_FAMILY = "1,2";
			};
			name = Release;
		};
		C6DE31E9259660CB00E12599 /* Debug */ = {
			isa = XCBuildConfiguration;
			buildSettings = {
				ALWAYS_EMBED_SWIFT_STANDARD_LIBRARIES = YES;
				BUNDLE_LOADER = "$(TEST_HOST)";
				CODE_SIGN_STYLE = Automatic;
				INFOPLIST_FILE = MemorizeTests/Info.plist;
				IPHONEOS_DEPLOYMENT_TARGET = 14.0;
				LD_RUNPATH_SEARCH_PATHS = (
					"$(inherited)",
					"@executable_path/Frameworks",
					"@loader_path/Frameworks",
				);
				PRODUCT_BUNDLE_IDENTIFIER = "Duong-Pham.MemorizeTests";
				PRODUCT_NAME = "$(TARGET_NAME)";
				SWIFT_VERSION = 5.0;
				TARGETED_DEVICE_FAMILY = "1,2";
				TEST_HOST = "$(BUILT_PRODUCTS_DIR)/Memorize.app/Memorize";
			};
			name = Debug;
		};
		C6DE31EA259660CB00E12599 /* Release */ = {
			isa = XCBuildConfiguration;
			buildSettings = {
				ALWAYS_EMBED_SWIFT_STANDARD_LIBRARIES = YES;
				BUNDLE_LOADER = "$(TEST_HOST)";
				CODE_SIGN_STYLE = Automatic;
				INFOPLIST_FILE = MemorizeTests/Info.plist;
				IPHONEOS_DEPLOYMENT_TARGET = 14.0;
				LD_RUNPATH_SEARCH_PATHS = (
					"$(inherited)",
					"@executable_path/Frameworks",
					"@loader_path/Frameworks",
				);
				PRODUCT_BUNDLE_IDENTIFIER = "Duong-Pham.MemorizeTests";
				PRODUCT_NAME = "$(TARGET_NAME)";
				SWIFT_VERSION = 5.0;
				TARGETED_DEVICE_FAMILY = "1,2";
				TEST_HOST = "$(BUILT_PRODUCTS_DIR)/Memorize.app/Memorize";
			};
			name = Release;
		};
		C6DE31EC259660CB00E12599 /* Debug */ = {
			isa = XCBuildConfiguration;
			buildSettings = {
				ALWAYS_EMBED_SWIFT_STANDARD_LIBRARIES = YES;
				CODE_SIGN_STYLE = Automatic;
				INFOPLIST_FILE = MemorizeUITests/Info.plist;
				LD_RUNPATH_SEARCH_PATHS = (
					"$(inherited)",
					"@executable_path/Frameworks",
					"@loader_path/Frameworks",
				);
				PRODUCT_BUNDLE_IDENTIFIER = "Duong-Pham.MemorizeUITests";
				PRODUCT_NAME = "$(TARGET_NAME)";
				SWIFT_VERSION = 5.0;
				TARGETED_DEVICE_FAMILY = "1,2";
				TEST_TARGET_NAME = Memorize;
			};
			name = Debug;
		};
		C6DE31ED259660CB00E12599 /* Release */ = {
			isa = XCBuildConfiguration;
			buildSettings = {
				ALWAYS_EMBED_SWIFT_STANDARD_LIBRARIES = YES;
				CODE_SIGN_STYLE = Automatic;
				INFOPLIST_FILE = MemorizeUITests/Info.plist;
				LD_RUNPATH_SEARCH_PATHS = (
					"$(inherited)",
					"@executable_path/Frameworks",
					"@loader_path/Frameworks",
				);
				PRODUCT_BUNDLE_IDENTIFIER = "Duong-Pham.MemorizeUITests";
				PRODUCT_NAME = "$(TARGET_NAME)";
				SWIFT_VERSION = 5.0;
				TARGETED_DEVICE_FAMILY = "1,2";
				TEST_TARGET_NAME = Memorize;
			};
			name = Release;
		};
/* End XCBuildConfiguration section */

/* Begin XCConfigurationList section */
		C6DE31BB259660CA00E12599 /* Build configuration list for PBXProject "Memorize" */ = {
			isa = XCConfigurationList;
			buildConfigurations = (
				C6DE31E3259660CB00E12599 /* Debug */,
				C6DE31E4259660CB00E12599 /* Release */,
			);
			defaultConfigurationIsVisible = 0;
			defaultConfigurationName = Release;
		};
		C6DE31E5259660CB00E12599 /* Build configuration list for PBXNativeTarget "Memorize" */ = {
			isa = XCConfigurationList;
			buildConfigurations = (
				C6DE31E6259660CB00E12599 /* Debug */,
				C6DE31E7259660CB00E12599 /* Release */,
			);
			defaultConfigurationIsVisible = 0;
			defaultConfigurationName = Release;
		};
		C6DE31E8259660CB00E12599 /* Build configuration list for PBXNativeTarget "MemorizeTests" */ = {
			isa = XCConfigurationList;
			buildConfigurations = (
				C6DE31E9259660CB00E12599 /* Debug */,
				C6DE31EA259660CB00E12599 /* Release */,
			);
			defaultConfigurationIsVisible = 0;
			defaultConfigurationName = Release;
		};
		C6DE31EB259660CB00E12599 /* Build configuration list for PBXNativeTarget "MemorizeUITests" */ = {
			isa = XCConfigurationList;
			buildConfigurations = (
				C6DE31EC259660CB00E12599 /* Debug */,
				C6DE31ED259660CB00E12599 /* Release */,
			);
			defaultConfigurationIsVisible = 0;
			defaultConfigurationName = Release;
		};
/* End XCConfigurationList section */
	};
	rootObject = C6DE31B8259660CA00E12599 /* Project object */;
}
